
Microsoft Visual Studio Solution File, Format Version 12.00
# Visual Studio Version 16
VisualStudioVersion = 16.0.30011.22
MinimumVisualStudioVersion = 10.0.40219.1
Project("{8BC9CEB8-8B4A-11D0-8D11-00A0C91BC942}") = "log2ubx", "log2ubx.vcxproj", "{855BC1B5-DB8C-4D69-9AEA-A85194620608}"
EndProject
Project("{8BC9CEB8-8B4A-11D0-8D11-00A0C91BC942}") = "log_CSV", "log_CSV.vcxproj", "{D5B410B6-719A-4ABC-ACE2-1304143B7A17}"
EndProject
Project("{8BC9CEB8-8B4A-11D0-8D11-00A0C91BC942}") = "INS_GPS", "INS_GPS.vcxproj", "{584A0295-087A-46AA-A3C6-E31E2D76EBF8}"
EndProject
Project("{8BC9CEB8-8B4A-11D0-8D11-00A0C91BC942}") = "test_matrix", "test\test_matrix.vcxproj", "{8D112965-118A-4A5F-8FE5-3B214D156636}"
EndProject
Project("{8BC9CEB8-8B4A-11D0-8D11-00A0C91BC942}") = "test_INS_GPS_Factory", "test\test_INS_GPS_Factory.vcxproj", "{FFD71BA6-6B4B-4E71-88EA-2FB4ECBE59EE}"
EndProject
Project("{8BC9CEB8-8B4A-11D0-8D11-00A0C91BC942}") = "ruby_tools", "ruby_tools.vcxproj", "{3503DACF-2EA9-4617-9381-BD40B42A4DA1}"
EndProject
Project("{8BC9CEB8-8B4A-11D0-8D11-00A0C91BC942}") = "test_common", "test\test_common.vcxproj", "{FFBB9244-30EC-4B88-9190-D1560EBE93D7}"
EndProject
Project("{8BC9CEB8-8B4A-11D0-8D11-00A0C91BC942}") = "test_GPS", "test\test_GPS.vcxproj", "{124D41EB-E12C-4742-BA04-E34E1DE6BF3E}"
EndProject
Project("{8BC9CEB8-8B4A-11D0-8D11-00A0C91BC942}") = "test_bit_array", "test\test_bit_array.vcxproj", "{1DB5DB88-63A8-4A93-8644-A3034F89E810}"
EndProject
Project("{8BC9CEB8-8B4A-11D0-8D11-00A0C91BC942}") = "test_RINEX", "test\test_RINEX.vcxproj", "{A9F2C04A-E602-401D-8809-569C41CECED2}"
EndProject
Project("{8BC9CEB8-8B4A-11D0-8D11-00A0C91BC942}") = "test_SBAS", "test\test_SBAS.vcxproj", "{E85D9A51-DCEE-4932-8351-30702C865227}"
EndProject
Project("{8BC9CEB8-8B4A-11D0-8D11-00A0C91BC942}") = "test_algorithm", "test\test_algorithm.vcxproj", "{5942F38E-CBE3-4BAB-8C59-22526B1AD137}"
EndProject
Project("{8BC9CEB8-8B4A-11D0-8D11-00A0C91BC942}") = "test_SP3", "test\test_SP3.vcxproj", "{7B2FF02C-ABCC-4F03-A4CC-A00316025D20}"
EndProject
Project("{8BC9CEB8-8B4A-11D0-8D11-00A0C91BC942}") = "test_ANTEX", "test\test_ANTEX.vcxproj", "{3773A75D-B42D-414E-BA11-7596ACCA54C4}"
EndProject
Project("{8BC9CEB8-8B4A-11D0-8D11-00A0C91BC942}") = "test_GLONASS", "test\test_GLONASS.vcxproj", "{6E52320A-5127-4EBF-B6C1-A6DA14D67987}"
EndProject
Global
	GlobalSection(SolutionConfigurationPlatforms) = preSolution
		AppVeyor|Win32 = AppVeyor|Win32
		Debug|Win32 = Debug|Win32
		Release|Win32 = Release|Win32
	EndGlobalSection
	GlobalSection(ProjectConfigurationPlatforms) = postSolution
		{855BC1B5-DB8C-4D69-9AEA-A85194620608}.AppVeyor|Win32.ActiveCfg = AppVeyor|Win32
		{855BC1B5-DB8C-4D69-9AEA-A85194620608}.AppVeyor|Win32.Build.0 = AppVeyor|Win32
		{855BC1B5-DB8C-4D69-9AEA-A85194620608}.Debug|Win32.ActiveCfg = Debug|Win32
		{855BC1B5-DB8C-4D69-9AEA-A85194620608}.Debug|Win32.Build.0 = Debug|Win32
		{855BC1B5-DB8C-4D69-9AEA-A85194620608}.Release|Win32.ActiveCfg = Release|Win32
		{855BC1B5-DB8C-4D69-9AEA-A85194620608}.Release|Win32.Build.0 = Release|Win32
		{D5B410B6-719A-4ABC-ACE2-1304143B7A17}.AppVeyor|Win32.ActiveCfg = AppVeyor|Win32
		{D5B410B6-719A-4ABC-ACE2-1304143B7A17}.AppVeyor|Win32.Build.0 = AppVeyor|Win32
		{D5B410B6-719A-4ABC-ACE2-1304143B7A17}.Debug|Win32.ActiveCfg = Debug|Win32
		{D5B410B6-719A-4ABC-ACE2-1304143B7A17}.Debug|Win32.Build.0 = Debug|Win32
		{D5B410B6-719A-4ABC-ACE2-1304143B7A17}.Release|Win32.ActiveCfg = Release|Win32
		{D5B410B6-719A-4ABC-ACE2-1304143B7A17}.Release|Win32.Build.0 = Release|Win32
		{584A0295-087A-46AA-A3C6-E31E2D76EBF8}.AppVeyor|Win32.ActiveCfg = AppVeyor|Win32
		{584A0295-087A-46AA-A3C6-E31E2D76EBF8}.AppVeyor|Win32.Build.0 = AppVeyor|Win32
		{584A0295-087A-46AA-A3C6-E31E2D76EBF8}.Debug|Win32.ActiveCfg = Debug|Win32
		{584A0295-087A-46AA-A3C6-E31E2D76EBF8}.Debug|Win32.Build.0 = Debug|Win32
		{584A0295-087A-46AA-A3C6-E31E2D76EBF8}.Release|Win32.ActiveCfg = Release|Win32
		{584A0295-087A-46AA-A3C6-E31E2D76EBF8}.Release|Win32.Build.0 = Release|Win32
		{8D112965-118A-4A5F-8FE5-3B214D156636}.AppVeyor|Win32.ActiveCfg = AppVeyor|Win32
		{8D112965-118A-4A5F-8FE5-3B214D156636}.AppVeyor|Win32.Build.0 = AppVeyor|Win32
		{8D112965-118A-4A5F-8FE5-3B214D156636}.Debug|Win32.ActiveCfg = Debug|Win32
		{8D112965-118A-4A5F-8FE5-3B214D156636}.Debug|Win32.Build.0 = Debug|Win32
		{8D112965-118A-4A5F-8FE5-3B214D156636}.Release|Win32.ActiveCfg = Release|Win32
		{8D112965-118A-4A5F-8FE5-3B214D156636}.Release|Win32.Build.0 = Release|Win32
		{FFD71BA6-6B4B-4E71-88EA-2FB4ECBE59EE}.AppVeyor|Win32.ActiveCfg = AppVeyor|Win32
		{FFD71BA6-6B4B-4E71-88EA-2FB4ECBE59EE}.AppVeyor|Win32.Build.0 = AppVeyor|Win32
		{FFD71BA6-6B4B-4E71-88EA-2FB4ECBE59EE}.Debug|Win32.ActiveCfg = Debug|Win32
		{FFD71BA6-6B4B-4E71-88EA-2FB4ECBE59EE}.Debug|Win32.Build.0 = Debug|Win32
		{FFD71BA6-6B4B-4E71-88EA-2FB4ECBE59EE}.Release|Win32.ActiveCfg = Release|Win32
		{FFD71BA6-6B4B-4E71-88EA-2FB4ECBE59EE}.Release|Win32.Build.0 = Release|Win32
		{3503DACF-2EA9-4617-9381-BD40B42A4DA1}.AppVeyor|Win32.ActiveCfg = AppVeyor|Win32
		{3503DACF-2EA9-4617-9381-BD40B42A4DA1}.AppVeyor|Win32.Build.0 = AppVeyor|Win32
		{3503DACF-2EA9-4617-9381-BD40B42A4DA1}.Debug|Win32.ActiveCfg = AppVeyor|Win32
		{3503DACF-2EA9-4617-9381-BD40B42A4DA1}.Debug|Win32.Build.0 = AppVeyor|Win32
		{3503DACF-2EA9-4617-9381-BD40B42A4DA1}.Release|Win32.ActiveCfg = AppVeyor|Win32
		{3503DACF-2EA9-4617-9381-BD40B42A4DA1}.Release|Win32.Build.0 = AppVeyor|Win32
		{FFBB9244-30EC-4B88-9190-D1560EBE93D7}.AppVeyor|Win32.ActiveCfg = AppVeyor|Win32
		{FFBB9244-30EC-4B88-9190-D1560EBE93D7}.AppVeyor|Win32.Build.0 = AppVeyor|Win32
		{FFBB9244-30EC-4B88-9190-D1560EBE93D7}.Debug|Win32.ActiveCfg = Debug|Win32
		{FFBB9244-30EC-4B88-9190-D1560EBE93D7}.Debug|Win32.Build.0 = Debug|Win32
		{FFBB9244-30EC-4B88-9190-D1560EBE93D7}.Release|Win32.ActiveCfg = Release|Win32
		{FFBB9244-30EC-4B88-9190-D1560EBE93D7}.Release|Win32.Build.0 = Release|Win32
		{124D41EB-E12C-4742-BA04-E34E1DE6BF3E}.AppVeyor|Win32.ActiveCfg = AppVeyor|Win32
		{124D41EB-E12C-4742-BA04-E34E1DE6BF3E}.AppVeyor|Win32.Build.0 = AppVeyor|Win32
		{124D41EB-E12C-4742-BA04-E34E1DE6BF3E}.Debug|Win32.ActiveCfg = Debug|Win32
		{124D41EB-E12C-4742-BA04-E34E1DE6BF3E}.Debug|Win32.Build.0 = Debug|Win32
		{124D41EB-E12C-4742-BA04-E34E1DE6BF3E}.Release|Win32.ActiveCfg = Release|Win32
		{124D41EB-E12C-4742-BA04-E34E1DE6BF3E}.Release|Win32.Build.0 = Release|Win32
		{1DB5DB88-63A8-4A93-8644-A3034F89E810}.AppVeyor|Win32.ActiveCfg = AppVeyor|Win32
		{1DB5DB88-63A8-4A93-8644-A3034F89E810}.AppVeyor|Win32.Build.0 = AppVeyor|Win32
		{1DB5DB88-63A8-4A93-8644-A3034F89E810}.Debug|Win32.ActiveCfg = Debug|Win32
		{1DB5DB88-63A8-4A93-8644-A3034F89E810}.Debug|Win32.Build.0 = Debug|Win32
		{1DB5DB88-63A8-4A93-8644-A3034F89E810}.Release|Win32.ActiveCfg = Release|Win32
		{1DB5DB88-63A8-4A93-8644-A3034F89E810}.Release|Win32.Build.0 = Release|Win32
		{A9F2C04A-E602-401D-8809-569C41CECED2}.AppVeyor|Win32.ActiveCfg = AppVeyor|Win32
		{A9F2C04A-E602-401D-8809-569C41CECED2}.AppVeyor|Win32.Build.0 = AppVeyor|Win32
		{A9F2C04A-E602-401D-8809-569C41CECED2}.Debug|Win32.ActiveCfg = Debug|Win32
		{A9F2C04A-E602-401D-8809-569C41CECED2}.Debug|Win32.Build.0 = Debug|Win32
		{A9F2C04A-E602-401D-8809-569C41CECED2}.Release|Win32.ActiveCfg = Release|Win32
		{A9F2C04A-E602-401D-8809-569C41CECED2}.Release|Win32.Build.0 = Release|Win32
		{E85D9A51-DCEE-4932-8351-30702C865227}.AppVeyor|Win32.ActiveCfg = AppVeyor|Win32
		{E85D9A51-DCEE-4932-8351-30702C865227}.AppVeyor|Win32.Build.0 = AppVeyor|Win32
		{E85D9A51-DCEE-4932-8351-30702C865227}.Debug|Win32.ActiveCfg = Debug|Win32
		{E85D9A51-DCEE-4932-8351-30702C865227}.Debug|Win32.Build.0 = Debug|Win32
		{E85D9A51-DCEE-4932-8351-30702C865227}.Release|Win32.ActiveCfg = Release|Win32
		{E85D9A51-DCEE-4932-8351-30702C865227}.Release|Win32.Build.0 = Release|Win32
		{5942F38E-CBE3-4BAB-8C59-22526B1AD137}.AppVeyor|Win32.ActiveCfg = AppVeyor|Win32
		{5942F38E-CBE3-4BAB-8C59-22526B1AD137}.AppVeyor|Win32.Build.0 = AppVeyor|Win32
		{5942F38E-CBE3-4BAB-8C59-22526B1AD137}.Debug|Win32.ActiveCfg = Debug|Win32
		{5942F38E-CBE3-4BAB-8C59-22526B1AD137}.Debug|Win32.Build.0 = Debug|Win32
		{5942F38E-CBE3-4BAB-8C59-22526B1AD137}.Release|Win32.ActiveCfg = Release|Win32
		{5942F38E-CBE3-4BAB-8C59-22526B1AD137}.Release|Win32.Build.0 = Release|Win32
		{7B2FF02C-ABCC-4F03-A4CC-A00316025D20}.AppVeyor|Win32.ActiveCfg = AppVeyor|Win32
		{7B2FF02C-ABCC-4F03-A4CC-A00316025D20}.AppVeyor|Win32.Build.0 = AppVeyor|Win32
		{7B2FF02C-ABCC-4F03-A4CC-A00316025D20}.Debug|Win32.ActiveCfg = Debug|Win32
		{7B2FF02C-ABCC-4F03-A4CC-A00316025D20}.Debug|Win32.Build.0 = Debug|Win32
		{7B2FF02C-ABCC-4F03-A4CC-A00316025D20}.Release|Win32.ActiveCfg = Release|Win32
		{7B2FF02C-ABCC-4F03-A4CC-A00316025D20}.Release|Win32.Build.0 = Release|Win32
		{3773A75D-B42D-414E-BA11-7596ACCA54C4}.AppVeyor|Win32.ActiveCfg = AppVeyor|Win32
		{3773A75D-B42D-414E-BA11-7596ACCA54C4}.AppVeyor|Win32.Build.0 = AppVeyor|Win32
		{3773A75D-B42D-414E-BA11-7596ACCA54C4}.Debug|Win32.ActiveCfg = Debug|Win32
		{3773A75D-B42D-414E-BA11-7596ACCA54C4}.Debug|Win32.Build.0 = Debug|Win32
		{3773A75D-B42D-414E-BA11-7596ACCA54C4}.Release|Win32.ActiveCfg = Release|Win32
		{3773A75D-B42D-414E-BA11-7596ACCA54C4}.Release|Win32.Build.0 = Release|Win32
		{6E52320A-5127-4EBF-B6C1-A6DA14D67987}.AppVeyor|Win32.ActiveCfg = AppVeyor|Win32
		{6E52320A-5127-4EBF-B6C1-A6DA14D67987}.AppVeyor|Win32.Build.0 = AppVeyor|Win32
		{6E52320A-5127-4EBF-B6C1-A6DA14D67987}.Debug|Win32.ActiveCfg = Debug|Win32
		{6E52320A-5127-4EBF-B6C1-A6DA14D67987}.Debug|Win32.Build.0 = Debug|Win32
		{6E52320A-5127-4EBF-B6C1-A6DA14D67987}.Release|Win32.ActiveCfg = Release|Win32
		{6E52320A-5127-4EBF-B6C1-A6DA14D67987}.Release|Win32.Build.0 = Release|Win32
	EndGlobalSection
	GlobalSection(SolutionProperties) = preSolution
		HideSolutionNode = FALSE
	EndGlobalSection
	GlobalSection(ExtensibilityGlobals) = postSolution
		SolutionGuid = {211B1F25-DAB3-4726-93ED-C76737965480}
	EndGlobalSection
EndGlobal
